
Microsoft Visual Studio Solution File, Format Version 12.00
# Visual Studio 15
VisualStudioVersion = 15.0.28307.168
MinimumVisualStudioVersion = 10.0.40219.1
Project("{FAE04EC0-301F-11D3-BF4B-00C04F79EFBC}") = "Explayer.Android", "Explayer\Explayer.Android\Explayer.Android.csproj", "{2C1F1A81-A05A-485F-BB8C-858C9D49A161}"
EndProject
Project("{FAE04EC0-301F-11D3-BF4B-00C04F79EFBC}") = "Explayer.iOS", "Explayer\Explayer.iOS\Explayer.iOS.csproj", "{EBC29DD5-84F1-40E9-9BA2-30DBF836738F}"
EndProject
Project("{FAE04EC0-301F-11D3-BF4B-00C04F79EFBC}") = "Explayer.UWP", "Explayer\Explayer.UWP\Explayer.UWP.csproj", "{BDA7A455-C816-4ED6-8FD1-C9BF345DA5CC}"
EndProject
Project("{FAE04EC0-301F-11D3-BF4B-00C04F79EFBC}") = "Explayer", "Explayer\Explayer\Explayer.csproj", "{34F9128F-E736-4AA4-8893-9CC6DB0FAD4D}"
EndProject
Global
	GlobalSection(SolutionConfigurationPlatforms) = preSolution
		Ad-Hoc|Any CPU = Ad-Hoc|Any CPU
		Ad-Hoc|ARM = Ad-Hoc|ARM
		Ad-Hoc|iPhone = Ad-Hoc|iPhone
		Ad-Hoc|iPhoneSimulator = Ad-Hoc|iPhoneSimulator
		Ad-Hoc|x64 = Ad-Hoc|x64
		Ad-Hoc|x86 = Ad-Hoc|x86
		AppStore|Any CPU = AppStore|Any CPU
		AppStore|ARM = AppStore|ARM
		AppStore|iPhone = AppStore|iPhone
		AppStore|iPhoneSimulator = AppStore|iPhoneSimulator
		AppStore|x64 = AppStore|x64
		AppStore|x86 = AppStore|x86
		Debug|Any CPU = Debug|Any CPU
		Debug|ARM = Debug|ARM
		Debug|iPhone = Debug|iPhone
		Debug|iPhoneSimulator = Debug|iPhoneSimulator
		Debug|x64 = Debug|x64
		Debug|x86 = Debug|x86
		Release|Any CPU = Release|Any CPU
		Release|ARM = Release|ARM
		Release|iPhone = Release|iPhone
		Release|iPhoneSimulator = Release|iPhoneSimulator
		Release|x64 = Release|x64
		Release|x86 = Release|x86
	EndGlobalSection
	GlobalSection(ProjectConfigurationPlatforms) = postSolution
		{2C1F1A81-A05A-485F-BB8C-858C9D49A161}.Ad-Hoc|Any CPU.ActiveCfg = Release|Any CPU
		{2C1F1A81-A05A-485F-BB8C-858C9D49A161}.Ad-Hoc|Any CPU.Build.0 = Release|Any CPU
		{2C1F1A81-A05A-485F-BB8C-858C9D49A161}.Ad-Hoc|Any CPU.Deploy.0 = Release|Any CPU
		{2C1F1A81-A05A-485F-BB8C-858C9D49A161}.Ad-Hoc|ARM.ActiveCfg = Release|Any CPU
		{2C1F1A81-A05A-485F-BB8C-858C9D49A161}.Ad-Hoc|ARM.Build.0 = Release|Any CPU
		{2C1F1A81-A05A-485F-BB8C-858C9D49A161}.Ad-Hoc|ARM.Deploy.0 = Release|Any CPU
		{2C1F1A81-A05A-485F-BB8C-858C9D49A161}.Ad-Hoc|iPhone.ActiveCfg = Release|Any CPU
		{2C1F1A81-A05A-485F-BB8C-858C9D49A161}.Ad-Hoc|iPhone.Build.0 = Release|Any CPU
		{2C1F1A81-A05A-485F-BB8C-858C9D49A161}.Ad-Hoc|iPhone.Deploy.0 = Release|Any CPU
		{2C1F1A81-A05A-485F-BB8C-858C9D49A161}.Ad-Hoc|iPhoneSimulator.ActiveCfg = Release|Any CPU
		{2C1F1A81-A05A-485F-BB8C-858C9D49A161}.Ad-Hoc|iPhoneSimulator.Build.0 = Release|Any CPU
		{2C1F1A81-A05A-485F-BB8C-858C9D49A161}.Ad-Hoc|iPhoneSimulator.Deploy.0 = Release|Any CPU
		{2C1F1A81-A05A-485F-BB8C-858C9D49A161}.Ad-Hoc|x64.ActiveCfg = Release|Any CPU
		{2C1F1A81-A05A-485F-BB8C-858C9D49A161}.Ad-Hoc|x64.Build.0 = Release|Any CPU
		{2C1F1A81-A05A-485F-BB8C-858C9D49A161}.Ad-Hoc|x64.Deploy.0 = Release|Any CPU
		{2C1F1A81-A05A-485F-BB8C-858C9D49A161}.Ad-Hoc|x86.ActiveCfg = Release|Any CPU
		{2C1F1A81-A05A-485F-BB8C-858C9D49A161}.Ad-Hoc|x86.Build.0 = Release|Any CPU
		{2C1F1A81-A05A-485F-BB8C-858C9D49A161}.Ad-Hoc|x86.Deploy.0 = Release|Any CPU
		{2C1F1A81-A05A-485F-BB8C-858C9D49A161}.AppStore|Any CPU.ActiveCfg = Release|Any CPU
		{2C1F1A81-A05A-485F-BB8C-858C9D49A161}.AppStore|Any CPU.Build.0 = Release|Any CPU
		{2C1F1A81-A05A-485F-BB8C-858C9D49A161}.AppStore|Any CPU.Deploy.0 = Release|Any CPU
		{2C1F1A81-A05A-485F-BB8C-858C9D49A161}.AppStore|ARM.ActiveCfg = Release|Any CPU
		{2C1F1A81-A05A-485F-BB8C-858C9D49A161}.AppStore|ARM.Build.0 = Release|Any CPU
		{2C1F1A81-A05A-485F-BB8C-858C9D49A161}.AppStore|ARM.Deploy.0 = Release|Any CPU
		{2C1F1A81-A05A-485F-BB8C-858C9D49A161}.AppStore|iPhone.ActiveCfg = Release|Any CPU
		{2C1F1A81-A05A-485F-BB8C-858C9D49A161}.AppStore|iPhone.Build.0 = Release|Any CPU
		{2C1F1A81-A05A-485F-BB8C-858C9D49A161}.AppStore|iPhone.Deploy.0 = Release|Any CPU
		{2C1F1A81-A05A-485F-BB8C-858C9D49A161}.AppStore|iPhoneSimulator.ActiveCfg = Release|Any CPU
		{2C1F1A81-A05A-485F-BB8C-858C9D49A161}.AppStore|iPhoneSimulator.Build.0 = Release|Any CPU
		{2C1F1A81-A05A-485F-BB8C-858C9D49A161}.AppStore|iPhoneSimulator.Deploy.0 = Release|Any CPU
		{2C1F1A81-A05A-485F-BB8C-858C9D49A161}.AppStore|x64.ActiveCfg = Release|Any CPU
		{2C1F1A81-A05A-485F-BB8C-858C9D49A161}.AppStore|x64.Build.0 = Release|Any CPU
		{2C1F1A81-A05A-485F-BB8C-858C9D49A161}.AppStore|x64.Deploy.0 = Release|Any CPU
		{2C1F1A81-A05A-485F-BB8C-858C9D49A161}.AppStore|x86.ActiveCfg = Release|Any CPU
		{2C1F1A81-A05A-485F-BB8C-858C9D49A161}.AppStore|x86.Build.0 = Release|Any CPU
		{2C1F1A81-A05A-485F-BB8C-858C9D49A161}.AppStore|x86.Deploy.0 = Release|Any CPU
		{2C1F1A81-A05A-485F-BB8C-858C9D49A161}.Debug|Any CPU.ActiveCfg = Debug|Any CPU
		{2C1F1A81-A05A-485F-BB8C-858C9D49A161}.Debug|Any CPU.Build.0 = Debug|Any CPU
		{2C1F1A81-A05A-485F-BB8C-858C9D49A161}.Debug|Any CPU.Deploy.0 = Debug|Any CPU
		{2C1F1A81-A05A-485F-BB8C-858C9D49A161}.Debug|ARM.ActiveCfg = Debug|Any CPU
		{2C1F1A81-A05A-485F-BB8C-858C9D49A161}.Debug|ARM.Build.0 = Debug|Any CPU
		{2C1F1A81-A05A-485F-BB8C-858C9D49A161}.Debug|ARM.Deploy.0 = Debug|Any CPU
		{2C1F1A81-A05A-485F-BB8C-858C9D49A161}.Debug|iPhone.ActiveCfg = Debug|Any CPU
		{2C1F1A81-A05A-485F-BB8C-858C9D49A161}.Debug|iPhone.Build.0 = Debug|Any CPU
		{2C1F1A81-A05A-485F-BB8C-858C9D49A161}.Debug|iPhone.Deploy.0 = Debug|Any CPU
		{2C1F1A81-A05A-485F-BB8C-858C9D49A161}.Debug|iPhoneSimulator.ActiveCfg = Debug|Any CPU
		{2C1F1A81-A05A-485F-BB8C-858C9D49A161}.Debug|iPhoneSimulator.Build.0 = Debug|Any CPU
		{2C1F1A81-A05A-485F-BB8C-858C9D49A161}.Debug|iPhoneSimulator.Deploy.0 = Debug|Any CPU
		{2C1F1A81-A05A-485F-BB8C-858C9D49A161}.Debug|x64.ActiveCfg = Debug|Any CPU
		{2C1F1A81-A05A-485F-BB8C-858C9D49A161}.Debug|x64.Build.0 = Debug|Any CPU
		{2C1F1A81-A05A-485F-BB8C-858C9D49A161}.Debug|x64.Deploy.0 = Debug|Any CPU
		{2C1F1A81-A05A-485F-BB8C-858C9D49A161}.Debug|x86.ActiveCfg = Debug|Any CPU
		{2C1F1A81-A05A-485F-BB8C-858C9D49A161}.Debug|x86.Build.0 = Debug|Any CPU
		{2C1F1A81-A05A-485F-BB8C-858C9D49A161}.Debug|x86.Deploy.0 = Debug|Any CPU
		{2C1F1A81-A05A-485F-BB8C-858C9D49A161}.Release|Any CPU.ActiveCfg = Release|Any CPU
		{2C1F1A81-A05A-485F-BB8C-858C9D49A161}.Release|Any CPU.Build.0 = Release|Any CPU
		{2C1F1A81-A05A-485F-BB8C-858C9D49A161}.Release|Any CPU.Deploy.0 = Release|Any CPU
		{2C1F1A81-A05A-485F-BB8C-858C9D49A161}.Release|ARM.ActiveCfg = Release|Any CPU
		{2C1F1A81-A05A-485F-BB8C-858C9D49A161}.Release|ARM.Build.0 = Release|Any CPU
		{2C1F1A81-A05A-485F-BB8C-858C9D49A161}.Release|ARM.Deploy.0 = Release|Any CPU
		{2C1F1A81-A05A-485F-BB8C-858C9D49A161}.Release|iPhone.ActiveCfg = Release|Any CPU
		{2C1F1A81-A05A-485F-BB8C-858C9D49A161}.Release|iPhone.Build.0 = Release|Any CPU
		{2C1F1A81-A05A-485F-BB8C-858C9D49A161}.Release|iPhone.Deploy.0 = Release|Any CPU
		{2C1F1A81-A05A-485F-BB8C-858C9D49A161}.Release|iPhoneSimulator.ActiveCfg = Release|Any CPU
		{2C1F1A81-A05A-485F-BB8C-858C9D49A161}.Release|iPhoneSimulator.Build.0 = Release|Any CPU
		{2C1F1A81-A05A-485F-BB8C-858C9D49A161}.Release|iPhoneSimulator.Deploy.0 = Release|Any CPU
		{2C1F1A81-A05A-485F-BB8C-858C9D49A161}.Release|x64.ActiveCfg = Release|Any CPU
		{2C1F1A81-A05A-485F-BB8C-858C9D49A161}.Release|x64.Build.0 = Release|Any CPU
		{2C1F1A81-A05A-485F-BB8C-858C9D49A161}.Release|x64.Deploy.0 = Release|Any CPU
		{2C1F1A81-A05A-485F-BB8C-858C9D49A161}.Release|x86.ActiveCfg = Release|Any CPU
		{2C1F1A81-A05A-485F-BB8C-858C9D49A161}.Release|x86.Build.0 = Release|Any CPU
		{2C1F1A81-A05A-485F-BB8C-858C9D49A161}.Release|x86.Deploy.0 = Release|Any CPU
		{EBC29DD5-84F1-40E9-9BA2-30DBF836738F}.Ad-Hoc|Any CPU.ActiveCfg = Ad-Hoc|iPhone
		{EBC29DD5-84F1-40E9-9BA2-30DBF836738F}.Ad-Hoc|Any CPU.Build.0 = Ad-Hoc|iPhone
		{EBC29DD5-84F1-40E9-9BA2-30DBF836738F}.Ad-Hoc|Any CPU.Deploy.0 = Ad-Hoc|iPhone
		{EBC29DD5-84F1-40E9-9BA2-30DBF836738F}.Ad-Hoc|ARM.ActiveCfg = Ad-Hoc|iPhone
		{EBC29DD5-84F1-40E9-9BA2-30DBF836738F}.Ad-Hoc|ARM.Build.0 = Ad-Hoc|iPhone
		{EBC29DD5-84F1-40E9-9BA2-30DBF836738F}.Ad-Hoc|ARM.Deploy.0 = Ad-Hoc|iPhone
		{EBC29DD5-84F1-40E9-9BA2-30DBF836738F}.Ad-Hoc|iPhone.ActiveCfg = Ad-Hoc|iPhone
		{EBC29DD5-84F1-40E9-9BA2-30DBF836738F}.Ad-Hoc|iPhone.Build.0 = Ad-Hoc|iPhone
		{EBC29DD5-84F1-40E9-9BA2-30DBF836738F}.Ad-Hoc|iPhone.Deploy.0 = Ad-Hoc|iPhone
		{EBC29DD5-84F1-40E9-9BA2-30DBF836738F}.Ad-Hoc|iPhoneSimulator.ActiveCfg = Ad-Hoc|iPhoneSimulator
		{EBC29DD5-84F1-40E9-9BA2-30DBF836738F}.Ad-Hoc|iPhoneSimulator.Build.0 = Ad-Hoc|iPhoneSimulator
		{EBC29DD5-84F1-40E9-9BA2-30DBF836738F}.Ad-Hoc|iPhoneSimulator.Deploy.0 = Ad-Hoc|iPhoneSimulator
		{EBC29DD5-84F1-40E9-9BA2-30DBF836738F}.Ad-Hoc|x64.ActiveCfg = Ad-Hoc|iPhone
		{EBC29DD5-84F1-40E9-9BA2-30DBF836738F}.Ad-Hoc|x64.Build.0 = Ad-Hoc|iPhone
		{EBC29DD5-84F1-40E9-9BA2-30DBF836738F}.Ad-Hoc|x64.Deploy.0 = Ad-Hoc|iPhone
		{EBC29DD5-84F1-40E9-9BA2-30DBF836738F}.Ad-Hoc|x86.ActiveCfg = Ad-Hoc|iPhone
		{EBC29DD5-84F1-40E9-9BA2-30DBF836738F}.Ad-Hoc|x86.Build.0 = Ad-Hoc|iPhone
		{EBC29DD5-84F1-40E9-9BA2-30DBF836738F}.Ad-Hoc|x86.Deploy.0 = Ad-Hoc|iPhone
		{EBC29DD5-84F1-40E9-9BA2-30DBF836738F}.AppStore|Any CPU.ActiveCfg = AppStore|iPhone
		{EBC29DD5-84F1-40E9-9BA2-30DBF836738F}.AppStore|Any CPU.Build.0 = AppStore|iPhone
		{EBC29DD5-84F1-40E9-9BA2-30DBF836738F}.AppStore|Any CPU.Deploy.0 = AppStore|iPhone
		{EBC29DD5-84F1-40E9-9BA2-30DBF836738F}.AppStore|ARM.ActiveCfg = AppStore|iPhone
		{EBC29DD5-84F1-40E9-9BA2-30DBF836738F}.AppStore|ARM.Build.0 = AppStore|iPhone
		{EBC29DD5-84F1-40E9-9BA2-30DBF836738F}.AppStore|ARM.Deploy.0 = AppStore|iPhone
		{EBC29DD5-84F1-40E9-9BA2-30DBF836738F}.AppStore|iPhone.ActiveCfg = AppStore|iPhone
		{EBC29DD5-84F1-40E9-9BA2-30DBF836738F}.AppStore|iPhone.Build.0 = AppStore|iPhone
		{EBC29DD5-84F1-40E9-9BA2-30DBF836738F}.AppStore|iPhone.Deploy.0 = AppStore|iPhone
		{EBC29DD5-84F1-40E9-9BA2-30DBF836738F}.AppStore|iPhoneSimulator.ActiveCfg = AppStore|iPhoneSimulator
		{EBC29DD5-84F1-40E9-9BA2-30DBF836738F}.AppStore|iPhoneSimulator.Build.0 = AppStore|iPhoneSimulator
		{EBC29DD5-84F1-40E9-9BA2-30DBF836738F}.AppStore|iPhoneSimulator.Deploy.0 = AppStore|iPhoneSimulator
		{EBC29DD5-84F1-40E9-9BA2-30DBF836738F}.AppStore|x64.ActiveCfg = AppStore|iPhone
		{EBC29DD5-84F1-40E9-9BA2-30DBF836738F}.AppStore|x64.Build.0 = AppStore|iPhone
		{EBC29DD5-84F1-40E9-9BA2-30DBF836738F}.AppStore|x64.Deploy.0 = AppStore|iPhone
		{EBC29DD5-84F1-40E9-9BA2-30DBF836738F}.AppStore|x86.ActiveCfg = AppStore|iPhone
		{EBC29DD5-84F1-40E9-9BA2-30DBF836738F}.AppStore|x86.Build.0 = AppStore|iPhone
		{EBC29DD5-84F1-40E9-9BA2-30DBF836738F}.AppStore|x86.Deploy.0 = AppStore|iPhone
		{EBC29DD5-84F1-40E9-9BA2-30DBF836738F}.Debug|Any CPU.ActiveCfg = Debug|iPhoneSimulator
		{EBC29DD5-84F1-40E9-9BA2-30DBF836738F}.Debug|Any CPU.Build.0 = Debug|iPhoneSimulator
		{EBC29DD5-84F1-40E9-9BA2-30DBF836738F}.Debug|Any CPU.Deploy.0 = Debug|iPhoneSimulator
		{EBC29DD5-84F1-40E9-9BA2-30DBF836738F}.Debug|ARM.ActiveCfg = Debug|iPhone
		{EBC29DD5-84F1-40E9-9BA2-30DBF836738F}.Debug|ARM.Build.0 = Debug|iPhone
		{EBC29DD5-84F1-40E9-9BA2-30DBF836738F}.Debug|ARM.Deploy.0 = Debug|iPhone
		{EBC29DD5-84F1-40E9-9BA2-30DBF836738F}.Debug|iPhone.ActiveCfg = Debug|iPhone
		{EBC29DD5-84F1-40E9-9BA2-30DBF836738F}.Debug|iPhone.Build.0 = Debug|iPhone
		{EBC29DD5-84F1-40E9-9BA2-30DBF836738F}.Debug|iPhone.Deploy.0 = Debug|iPhone
		{EBC29DD5-84F1-40E9-9BA2-30DBF836738F}.Debug|iPhoneSimulator.ActiveCfg = Debug|iPhoneSimulator
		{EBC29DD5-84F1-40E9-9BA2-30DBF836738F}.Debug|iPhoneSimulator.Build.0 = Debug|iPhoneSimulator
		{EBC29DD5-84F1-40E9-9BA2-30DBF836738F}.Debug|iPhoneSimulator.Deploy.0 = Debug|iPhoneSimulator
		{EBC29DD5-84F1-40E9-9BA2-30DBF836738F}.Debug|x64.ActiveCfg = Debug|iPhone
		{EBC29DD5-84F1-40E9-9BA2-30DBF836738F}.Debug|x64.Build.0 = Debug|iPhone
		{EBC29DD5-84F1-40E9-9BA2-30DBF836738F}.Debug|x64.Deploy.0 = Debug|iPhone
		{EBC29DD5-84F1-40E9-9BA2-30DBF836738F}.Debug|x86.ActiveCfg = Debug|iPhone
		{EBC29DD5-84F1-40E9-9BA2-30DBF836738F}.Debug|x86.Build.0 = Debug|iPhone
		{EBC29DD5-84F1-40E9-9BA2-30DBF836738F}.Debug|x86.Deploy.0 = Debug|iPhone
		{EBC29DD5-84F1-40E9-9BA2-30DBF836738F}.Release|Any CPU.ActiveCfg = Release|iPhone
		{EBC29DD5-84F1-40E9-9BA2-30DBF836738F}.Release|Any CPU.Build.0 = Release|iPhone
		{EBC29DD5-84F1-40E9-9BA2-30DBF836738F}.Release|Any CPU.Deploy.0 = Release|iPhone
		{EBC29DD5-84F1-40E9-9BA2-30DBF836738F}.Release|ARM.ActiveCfg = Release|iPhone
		{EBC29DD5-84F1-40E9-9BA2-30DBF836738F}.Release|ARM.Build.0 = Release|iPhone
		{EBC29DD5-84F1-40E9-9BA2-30DBF836738F}.Release|ARM.Deploy.0 = Release|iPhone
		{EBC29DD5-84F1-40E9-9BA2-30DBF836738F}.Release|iPhone.ActiveCfg = Release|iPhone
		{EBC29DD5-84F1-40E9-9BA2-30DBF836738F}.Release|iPhone.Build.0 = Release|iPhone
		{EBC29DD5-84F1-40E9-9BA2-30DBF836738F}.Release|iPhone.Deploy.0 = Release|iPhone
		{EBC29DD5-84F1-40E9-9BA2-30DBF836738F}.Release|iPhoneSimulator.ActiveCfg = Release|iPhoneSimulator
		{EBC29DD5-84F1-40E9-9BA2-30DBF836738F}.Release|iPhoneSimulator.Build.0 = Release|iPhoneSimulator
		{EBC29DD5-84F1-40E9-9BA2-30DBF836738F}.Release|iPhoneSimulator.Deploy.0 = Release|iPhoneSimulator
		{EBC29DD5-84F1-40E9-9BA2-30DBF836738F}.Release|x64.ActiveCfg = Release|iPhone
		{EBC29DD5-84F1-40E9-9BA2-30DBF836738F}.Release|x64.Build.0 = Release|iPhone
		{EBC29DD5-84F1-40E9-9BA2-30DBF836738F}.Release|x64.Deploy.0 = Release|iPhone
		{EBC29DD5-84F1-40E9-9BA2-30DBF836738F}.Release|x86.ActiveCfg = Release|iPhone
		{EBC29DD5-84F1-40E9-9BA2-30DBF836738F}.Release|x86.Build.0 = Release|iPhone
		{EBC29DD5-84F1-40E9-9BA2-30DBF836738F}.Release|x86.Deploy.0 = Release|iPhone
		{BDA7A455-C816-4ED6-8FD1-C9BF345DA5CC}.Ad-Hoc|Any CPU.ActiveCfg = Release|x86
		{BDA7A455-C816-4ED6-8FD1-C9BF345DA5CC}.Ad-Hoc|Any CPU.Build.0 = Release|x86
		{BDA7A455-C816-4ED6-8FD1-C9BF345DA5CC}.Ad-Hoc|Any CPU.Deploy.0 = Release|x86
		{BDA7A455-C816-4ED6-8FD1-C9BF345DA5CC}.Ad-Hoc|ARM.ActiveCfg = Release|ARM
		{BDA7A455-C816-4ED6-8FD1-C9BF345DA5CC}.Ad-Hoc|ARM.Build.0 = Release|ARM
		{BDA7A455-C816-4ED6-8FD1-C9BF345DA5CC}.Ad-Hoc|ARM.Deploy.0 = Release|ARM
		{BDA7A455-C816-4ED6-8FD1-C9BF345DA5CC}.Ad-Hoc|iPhone.ActiveCfg = Release|x86
		{BDA7A455-C816-4ED6-8FD1-C9BF345DA5CC}.Ad-Hoc|iPhone.Build.0 = Release|x86
		{BDA7A455-C816-4ED6-8FD1-C9BF345DA5CC}.Ad-Hoc|iPhone.Deploy.0 = Release|x86
		{BDA7A455-C816-4ED6-8FD1-C9BF345DA5CC}.Ad-Hoc|iPhoneSimulator.ActiveCfg = Release|x86
		{BDA7A455-C816-4ED6-8FD1-C9BF345DA5CC}.Ad-Hoc|iPhoneSimulator.Build.0 = Release|x86
		{BDA7A455-C816-4ED6-8FD1-C9BF345DA5CC}.Ad-Hoc|iPhoneSimulator.Deploy.0 = Release|x86
		{BDA7A455-C816-4ED6-8FD1-C9BF345DA5CC}.Ad-Hoc|x64.ActiveCfg = Release|x64
		{BDA7A455-C816-4ED6-8FD1-C9BF345DA5CC}.Ad-Hoc|x64.Build.0 = Release|x64
		{BDA7A455-C816-4ED6-8FD1-C9BF345DA5CC}.Ad-Hoc|x64.Deploy.0 = Release|x64
		{BDA7A455-C816-4ED6-8FD1-C9BF345DA5CC}.Ad-Hoc|x86.ActiveCfg = Release|x86
		{BDA7A455-C816-4ED6-8FD1-C9BF345DA5CC}.Ad-Hoc|x86.Build.0 = Release|x86
		{BDA7A455-C816-4ED6-8FD1-C9BF345DA5CC}.Ad-Hoc|x86.Deploy.0 = Release|x86
		{BDA7A455-C816-4ED6-8FD1-C9BF345DA5CC}.AppStore|Any CPU.ActiveCfg = Release|x86
		{BDA7A455-C816-4ED6-8FD1-C9BF345DA5CC}.AppStore|Any CPU.Build.0 = Release|x86
		{BDA7A455-C816-4ED6-8FD1-C9BF345DA5CC}.AppStore|Any CPU.Deploy.0 = Release|x86
		{BDA7A455-C816-4ED6-8FD1-C9BF345DA5CC}.AppStore|ARM.ActiveCfg = Release|ARM
		{BDA7A455-C816-4ED6-8FD1-C9BF345DA5CC}.AppStore|ARM.Build.0 = Release|ARM
		{BDA7A455-C816-4ED6-8FD1-C9BF345DA5CC}.AppStore|ARM.Deploy.0 = Release|ARM
		{BDA7A455-C816-4ED6-8FD1-C9BF345DA5CC}.AppStore|iPhone.ActiveCfg = Release|x86
		{BDA7A455-C816-4ED6-8FD1-C9BF345DA5CC}.AppStore|iPhone.Build.0 = Release|x86
		{BDA7A455-C816-4ED6-8FD1-C9BF345DA5CC}.AppStore|iPhone.Deploy.0 = Release|x86
		{BDA7A455-C816-4ED6-8FD1-C9BF345DA5CC}.AppStore|iPhoneSimulator.ActiveCfg = Release|x86
		{BDA7A455-C816-4ED6-8FD1-C9BF345DA5CC}.AppStore|iPhoneSimulator.Build.0 = Release|x86
		{BDA7A455-C816-4ED6-8FD1-C9BF345DA5CC}.AppStore|iPhoneSimulator.Deploy.0 = Release|x86
		{BDA7A455-C816-4ED6-8FD1-C9BF345DA5CC}.AppStore|x64.ActiveCfg = Release|x64
		{BDA7A455-C816-4ED6-8FD1-C9BF345DA5CC}.AppStore|x64.Build.0 = Release|x64
		{BDA7A455-C816-4ED6-8FD1-C9BF345DA5CC}.AppStore|x64.Deploy.0 = Release|x64
		{BDA7A455-C816-4ED6-8FD1-C9BF345DA5CC}.AppStore|x86.ActiveCfg = Release|x86
		{BDA7A455-C816-4ED6-8FD1-C9BF345DA5CC}.AppStore|x86.Build.0 = Release|x86
		{BDA7A455-C816-4ED6-8FD1-C9BF345DA5CC}.AppStore|x86.Deploy.0 = Release|x86
		{BDA7A455-C816-4ED6-8FD1-C9BF345DA5CC}.Debug|Any CPU.ActiveCfg = Debug|x86
		{BDA7A455-C816-4ED6-8FD1-C9BF345DA5CC}.Debug|Any CPU.Build.0 = Debug|x86
		{BDA7A455-C816-4ED6-8FD1-C9BF345DA5CC}.Debug|Any CPU.Deploy.0 = Debug|x86
		{BDA7A455-C816-4ED6-8FD1-C9BF345DA5CC}.Debug|ARM.ActiveCfg = Debug|ARM
		{BDA7A455-C816-4ED6-8FD1-C9BF345DA5CC}.Debug|ARM.Build.0 = Debug|ARM
		{BDA7A455-C816-4ED6-8FD1-C9BF345DA5CC}.Debug|ARM.Deploy.0 = Debug|ARM
		{BDA7A455-C816-4ED6-8FD1-C9BF345DA5CC}.Debug|iPhone.ActiveCfg = Debug|x86
		{BDA7A455-C816-4ED6-8FD1-C9BF345DA5CC}.Debug|iPhone.Build.0 = Debug|x86
		{BDA7A455-C816-4ED6-8FD1-C9BF345DA5CC}.Debug|iPhone.Deploy.0 = Debug|x86
		{BDA7A455-C816-4ED6-8FD1-C9BF345DA5CC}.Debug|iPhoneSimulator.ActiveCfg = Debug|x86
		{BDA7A455-C816-4ED6-8FD1-C9BF345DA5CC}.Debug|iPhoneSimulator.Build.0 = Debug|x86
		{BDA7A455-C816-4ED6-8FD1-C9BF345DA5CC}.Debug|iPhoneSimulator.Deploy.0 = Debug|x86
		{BDA7A455-C816-4ED6-8FD1-C9BF345DA5CC}.Debug|x64.ActiveCfg = Debug|x64
		{BDA7A455-C816-4ED6-8FD1-C9BF345DA5CC}.Debug|x64.Build.0 = Debug|x64
		{BDA7A455-C816-4ED6-8FD1-C9BF345DA5CC}.Debug|x64.Deploy.0 = Debug|x64
		{BDA7A455-C816-4ED6-8FD1-C9BF345DA5CC}.Debug|x86.ActiveCfg = Debug|x86
		{BDA7A455-C816-4ED6-8FD1-C9BF345DA5CC}.Debug|x86.Build.0 = Debug|x86
		{BDA7A455-C816-4ED6-8FD1-C9BF345DA5CC}.Debug|x86.Deploy.0 = Debug|x86
		{BDA7A455-C816-4ED6-8FD1-C9BF345DA5CC}.Release|Any CPU.ActiveCfg = Release|x86
		{BDA7A455-C816-4ED6-8FD1-C9BF345DA5CC}.Release|Any CPU.Build.0 = Release|x86
		{BDA7A455-C816-4ED6-8FD1-C9BF345DA5CC}.Release|Any CPU.Deploy.0 = Release|x86
		{BDA7A455-C816-4ED6-8FD1-C9BF345DA5CC}.Release|ARM.ActiveCfg = Release|ARM
		{BDA7A455-C816-4ED6-8FD1-C9BF345DA5CC}.Release|ARM.Build.0 = Release|ARM
		{BDA7A455-C816-4ED6-8FD1-C9BF345DA5CC}.Release|ARM.Deploy.0 = Release|ARM
		{BDA7A455-C816-4ED6-8FD1-C9BF345DA5CC}.Release|iPhone.ActiveCfg = Release|x86
		{BDA7A455-C816-4ED6-8FD1-C9BF345DA5CC}.Release|iPhone.Build.0 = Release|x86
		{BDA7A455-C816-4ED6-8FD1-C9BF345DA5CC}.Release|iPhone.Deploy.0 = Release|x86
		{BDA7A455-C816-4ED6-8FD1-C9BF345DA5CC}.Release|iPhoneSimulator.ActiveCfg = Release|x86
		{BDA7A455-C816-4ED6-8FD1-C9BF345DA5CC}.Release|iPhoneSimulator.Build.0 = Release|x86
		{BDA7A455-C816-4ED6-8FD1-C9BF345DA5CC}.Release|iPhoneSimulator.Deploy.0 = Release|x86
		{BDA7A455-C816-4ED6-8FD1-C9BF345DA5CC}.Release|x64.ActiveCfg = Release|x64
		{BDA7A455-C816-4ED6-8FD1-C9BF345DA5CC}.Release|x64.Build.0 = Release|x64
		{BDA7A455-C816-4ED6-8FD1-C9BF345DA5CC}.Release|x64.Deploy.0 = Release|x64
		{BDA7A455-C816-4ED6-8FD1-C9BF345DA5CC}.Release|x86.ActiveCfg = Release|x86
		{BDA7A455-C816-4ED6-8FD1-C9BF345DA5CC}.Release|x86.Build.0 = Release|x86
		{BDA7A455-C816-4ED6-8FD1-C9BF345DA5CC}.Release|x86.Deploy.0 = Release|x86
		{34F9128F-E736-4AA4-8893-9CC6DB0FAD4D}.Ad-Hoc|Any CPU.ActiveCfg = Debug|Any CPU
		{34F9128F-E736-4AA4-8893-9CC6DB0FAD4D}.Ad-Hoc|Any CPU.Build.0 = Debug|Any CPU
		{34F9128F-E736-4AA4-8893-9CC6DB0FAD4D}.Ad-Hoc|Any CPU.Deploy.0 = Debug|Any CPU
		{34F9128F-E736-4AA4-8893-9CC6DB0FAD4D}.Ad-Hoc|ARM.ActiveCfg = Debug|Any CPU
		{34F9128F-E736-4AA4-8893-9CC6DB0FAD4D}.Ad-Hoc|ARM.Build.0 = Debug|Any CPU
		{34F9128F-E736-4AA4-8893-9CC6DB0FAD4D}.Ad-Hoc|ARM.Deploy.0 = Debug|Any CPU
		{34F9128F-E736-4AA4-8893-9CC6DB0FAD4D}.Ad-Hoc|iPhone.ActiveCfg = Debug|Any CPU
		{34F9128F-E736-4AA4-8893-9CC6DB0FAD4D}.Ad-Hoc|iPhone.Build.0 = Debug|Any CPU
		{34F9128F-E736-4AA4-8893-9CC6DB0FAD4D}.Ad-Hoc|iPhone.Deploy.0 = Debug|Any CPU
		{34F9128F-E736-4AA4-8893-9CC6DB0FAD4D}.Ad-Hoc|iPhoneSimulator.ActiveCfg = Debug|Any CPU
		{34F9128F-E736-4AA4-8893-9CC6DB0FAD4D}.Ad-Hoc|iPhoneSimulator.Build.0 = Debug|Any CPU
		{34F9128F-E736-4AA4-8893-9CC6DB0FAD4D}.Ad-Hoc|iPhoneSimulator.Deploy.0 = Debug|Any CPU
		{34F9128F-E736-4AA4-8893-9CC6DB0FAD4D}.Ad-Hoc|x64.ActiveCfg = Debug|Any CPU
		{34F9128F-E736-4AA4-8893-9CC6DB0FAD4D}.Ad-Hoc|x64.Build.0 = Debug|Any CPU
		{34F9128F-E736-4AA4-8893-9CC6DB0FAD4D}.Ad-Hoc|x64.Deploy.0 = Debug|Any CPU
		{34F9128F-E736-4AA4-8893-9CC6DB0FAD4D}.Ad-Hoc|x86.ActiveCfg = Debug|Any CPU
		{34F9128F-E736-4AA4-8893-9CC6DB0FAD4D}.Ad-Hoc|x86.Build.0 = Debug|Any CPU
		{34F9128F-E736-4AA4-8893-9CC6DB0FAD4D}.Ad-Hoc|x86.Deploy.0 = Debug|Any CPU
		{34F9128F-E736-4AA4-8893-9CC6DB0FAD4D}.AppStore|Any CPU.ActiveCfg = Debug|Any CPU
		{34F9128F-E736-4AA4-8893-9CC6DB0FAD4D}.AppStore|Any CPU.Build.0 = Debug|Any CPU
		{34F9128F-E736-4AA4-8893-9CC6DB0FAD4D}.AppStore|Any CPU.Deploy.0 = Debug|Any CPU
		{34F9128F-E736-4AA4-8893-9CC6DB0FAD4D}.AppStore|ARM.ActiveCfg = Debug|Any CPU
		{34F9128F-E736-4AA4-8893-9CC6DB0FAD4D}.AppStore|ARM.Build.0 = Debug|Any CPU
		{34F9128F-E736-4AA4-8893-9CC6DB0FAD4D}.AppStore|ARM.Deploy.0 = Debug|Any CPU
		{34F9128F-E736-4AA4-8893-9CC6DB0FAD4D}.AppStore|iPhone.ActiveCfg = Debug|Any CPU
		{34F9128F-E736-4AA4-8893-9CC6DB0FAD4D}.AppStore|iPhone.Build.0 = Debug|Any CPU
		{34F9128F-E736-4AA4-8893-9CC6DB0FAD4D}.AppStore|iPhone.Deploy.0 = Debug|Any CPU
		{34F9128F-E736-4AA4-8893-9CC6DB0FAD4D}.AppStore|iPhoneSimulator.ActiveCfg = Debug|Any CPU
		{34F9128F-E736-4AA4-8893-9CC6DB0FAD4D}.AppStore|iPhoneSimulator.Build.0 = Debug|Any CPU
		{34F9128F-E736-4AA4-8893-9CC6DB0FAD4D}.AppStore|iPhoneSimulator.Deploy.0 = Debug|Any CPU
		{34F9128F-E736-4AA4-8893-9CC6DB0FAD4D}.AppStore|x64.ActiveCfg = Debug|Any CPU
		{34F9128F-E736-4AA4-8893-9CC6DB0FAD4D}.AppStore|x64.Build.0 = Debug|Any CPU
		{34F9128F-E736-4AA4-8893-9CC6DB0FAD4D}.AppStore|x64.Deploy.0 = Debug|Any CPU
		{34F9128F-E736-4AA4-8893-9CC6DB0FAD4D}.AppStore|x86.ActiveCfg = Debug|Any CPU
		{34F9128F-E736-4AA4-8893-9CC6DB0FAD4D}.AppStore|x86.Build.0 = Debug|Any CPU
		{34F9128F-E736-4AA4-8893-9CC6DB0FAD4D}.AppStore|x86.Deploy.0 = Debug|Any CPU
		{34F9128F-E736-4AA4-8893-9CC6DB0FAD4D}.Debug|Any CPU.ActiveCfg = Debug|Any CPU
		{34F9128F-E736-4AA4-8893-9CC6DB0FAD4D}.Debug|Any CPU.Build.0 = Debug|Any CPU
		{34F9128F-E736-4AA4-8893-9CC6DB0FAD4D}.Debug|Any CPU.Deploy.0 = Debug|Any CPU
		{34F9128F-E736-4AA4-8893-9CC6DB0FAD4D}.Debug|ARM.ActiveCfg = Debug|Any CPU
		{34F9128F-E736-4AA4-8893-9CC6DB0FAD4D}.Debug|ARM.Build.0 = Debug|Any CPU
		{34F9128F-E736-4AA4-8893-9CC6DB0FAD4D}.Debug|ARM.Deploy.0 = Debug|Any CPU
		{34F9128F-E736-4AA4-8893-9CC6DB0FAD4D}.Debug|iPhone.ActiveCfg = Debug|Any CPU
		{34F9128F-E736-4AA4-8893-9CC6DB0FAD4D}.Debug|iPhone.Build.0 = Debug|Any CPU
		{34F9128F-E736-4AA4-8893-9CC6DB0FAD4D}.Debug|iPhone.Deploy.0 = Debug|Any CPU
		{34F9128F-E736-4AA4-8893-9CC6DB0FAD4D}.Debug|iPhoneSimulator.ActiveCfg = Debug|Any CPU
		{34F9128F-E736-4AA4-8893-9CC6DB0FAD4D}.Debug|iPhoneSimulator.Build.0 = Debug|Any CPU
		{34F9128F-E736-4AA4-8893-9CC6DB0FAD4D}.Debug|iPhoneSimulator.Deploy.0 = Debug|Any CPU
		{34F9128F-E736-4AA4-8893-9CC6DB0FAD4D}.Debug|x64.ActiveCfg = Debug|Any CPU
		{34F9128F-E736-4AA4-8893-9CC6DB0FAD4D}.Debug|x64.Build.0 = Debug|Any CPU
		{34F9128F-E736-4AA4-8893-9CC6DB0FAD4D}.Debug|x64.Deploy.0 = Debug|Any CPU
		{34F9128F-E736-4AA4-8893-9CC6DB0FAD4D}.Debug|x86.ActiveCfg = Debug|Any CPU
		{34F9128F-E736-4AA4-8893-9CC6DB0FAD4D}.Debug|x86.Build.0 = Debug|Any CPU
		{34F9128F-E736-4AA4-8893-9CC6DB0FAD4D}.Debug|x86.Deploy.0 = Debug|Any CPU
		{34F9128F-E736-4AA4-8893-9CC6DB0FAD4D}.Release|Any CPU.ActiveCfg = Release|Any CPU
		{34F9128F-E736-4AA4-8893-9CC6DB0FAD4D}.Release|Any CPU.Build.0 = Release|Any CPU
		{34F9128F-E736-4AA4-8893-9CC6DB0FAD4D}.Release|Any CPU.Deploy.0 = Release|Any CPU
		{34F9128F-E736-4AA4-8893-9CC6DB0FAD4D}.Release|ARM.ActiveCfg = Release|Any CPU
		{34F9128F-E736-4AA4-8893-9CC6DB0FAD4D}.Release|ARM.Build.0 = Release|Any CPU
		{34F9128F-E736-4AA4-8893-9CC6DB0FAD4D}.Release|ARM.Deploy.0 = Release|Any CPU
		{34F9128F-E736-4AA4-8893-9CC6DB0FAD4D}.Release|iPhone.ActiveCfg = Release|Any CPU
		{34F9128F-E736-4AA4-8893-9CC6DB0FAD4D}.Release|iPhone.Build.0 = Release|Any CPU
		{34F9128F-E736-4AA4-8893-9CC6DB0FAD4D}.Release|iPhone.Deploy.0 = Release|Any CPU
		{34F9128F-E736-4AA4-8893-9CC6DB0FAD4D}.Release|iPhoneSimulator.ActiveCfg = Release|Any CPU
		{34F9128F-E736-4AA4-8893-9CC6DB0FAD4D}.Release|iPhoneSimulator.Build.0 = Release|Any CPU
		{34F9128F-E736-4AA4-8893-9CC6DB0FAD4D}.Release|iPhoneSimulator.Deploy.0 = Release|Any CPU
		{34F9128F-E736-4AA4-8893-9CC6DB0FAD4D}.Release|x64.ActiveCfg = Release|Any CPU
		{34F9128F-E736-4AA4-8893-9CC6DB0FAD4D}.Release|x64.Build.0 = Release|Any CPU
		{34F9128F-E736-4AA4-8893-9CC6DB0FAD4D}.Release|x64.Deploy.0 = Release|Any CPU
		{34F9128F-E736-4AA4-8893-9CC6DB0FAD4D}.Release|x86.ActiveCfg = Release|Any CPU
		{34F9128F-E736-4AA4-8893-9CC6DB0FAD4D}.Release|x86.Build.0 = Release|Any CPU
		{34F9128F-E736-4AA4-8893-9CC6DB0FAD4D}.Release|x86.Deploy.0 = Release|Any CPU
	EndGlobalSection
	GlobalSection(SolutionProperties) = preSolution
		HideSolutionNode = FALSE
	EndGlobalSection
	GlobalSection(ExtensibilityGlobals) = postSolution
		SolutionGuid = {12A26421-0C5D-42FB-A6A9-31F9A84CE85B}
	EndGlobalSection
EndGlobal
